
Microsoft Visual Studio Solution File, Format Version 12.00
# Visual Studio 15
Project("{FAE04EC0-301F-11D3-BF4B-00C04F79EFBC}") = "Assembly-CSharp", "Assembly-CSharp.csproj", "{8D1B3D4D-8A3E-A4B1-6E92-ADE36A86719F}"
EndProject
Project("{FAE04EC0-301F-11D3-BF4B-00C04F79EFBC}") = "Assembly-CSharp-firstpass", "Assembly-CSharp-firstpass.csproj", "{AB5B826E-A83E-34EB-AFE3-4E0D7C481D42}"
EndProject
Global
	GlobalSection(SolutionConfigurationPlatforms) = preSolution
		Debug|Any CPU = Debug|Any CPU
		Release|Any CPU = Release|Any CPU
	EndGlobalSection
	GlobalSection(ProjectConfigurationPlatforms) = postSolution
		{8D1B3D4D-8A3E-A4B1-6E92-ADE36A86719F}.Debug|Any CPU.ActiveCfg = Debug|Any CPU
		{8D1B3D4D-8A3E-A4B1-6E92-ADE36A86719F}.Debug|Any CPU.Build.0 = Debug|Any CPU
		{8D1B3D4D-8A3E-A4B1-6E92-ADE36A86719F}.Release|Any CPU.ActiveCfg = Release|Any CPU
		{8D1B3D4D-8A3E-A4B1-6E92-ADE36A86719F}.Release|Any CPU.Build.0 = Release|Any CPU
		{AB5B826E-A83E-34EB-AFE3-4E0D7C481D42}.Debug|Any CPU.ActiveCfg = Debug|Any CPU
		{AB5B826E-A83E-34EB-AFE3-4E0D7C481D42}.Debug|Any CPU.Build.0 = Debug|Any CPU
		{AB5B826E-A83E-34EB-AFE3-4E0D7C481D42}.Release|Any CPU.ActiveCfg = Release|Any CPU
		{AB5B826E-A83E-34EB-AFE3-4E0D7C481D42}.Release|Any CPU.Build.0 = Release|Any CPU
	EndGlobalSection
	GlobalSection(SolutionProperties) = preSolution
		HideSolutionNode = FALSE
	EndGlobalSection
EndGlobal
